
Microsoft Visual Studio Solution File, Format Version 12.00
# Visual Studio Version 16
VisualStudioVersion = 16.0.30204.135
MinimumVisualStudioVersion = 10.0.40219.1
Project("{9A19103F-16F7-4668-BE54-9A1E7A4F7556}") = "SEClassroom", "SEClassroom\SEClassroom.csproj", "{6CFD78AB-1211-42E8-A9EB-9E56C15757DF}"
EndProject
Project("{FAE04EC0-301F-11D3-BF4B-00C04F79EFBC}") = "AppLogic", "AppLogic\AppLogic.csproj", "{1ED991CC-9AFC-4496-B918-3C36B5B62BCE}"
EndProject
Project("{FAE04EC0-301F-11D3-BF4B-00C04F79EFBC}") = "DataAccess", "DataAccess\DataAccess.csproj", "{263AD2C1-64CA-4281-8B49-7640E915EB2E}"
EndProject
Global
	GlobalSection(SolutionConfigurationPlatforms) = preSolution
		Debug|Any CPU = Debug|Any CPU
		Release|Any CPU = Release|Any CPU
	EndGlobalSection
	GlobalSection(ProjectConfigurationPlatforms) = postSolution
		{6CFD78AB-1211-42E8-A9EB-9E56C15757DF}.Debug|Any CPU.ActiveCfg = Debug|Any CPU
		{6CFD78AB-1211-42E8-A9EB-9E56C15757DF}.Debug|Any CPU.Build.0 = Debug|Any CPU
		{6CFD78AB-1211-42E8-A9EB-9E56C15757DF}.Release|Any CPU.ActiveCfg = Release|Any CPU
		{6CFD78AB-1211-42E8-A9EB-9E56C15757DF}.Release|Any CPU.Build.0 = Release|Any CPU
		{1ED991CC-9AFC-4496-B918-3C36B5B62BCE}.Debug|Any CPU.ActiveCfg = Debug|Any CPU
		{1ED991CC-9AFC-4496-B918-3C36B5B62BCE}.Debug|Any CPU.Build.0 = Debug|Any CPU
		{1ED991CC-9AFC-4496-B918-3C36B5B62BCE}.Release|Any CPU.ActiveCfg = Release|Any CPU
		{1ED991CC-9AFC-4496-B918-3C36B5B62BCE}.Release|Any CPU.Build.0 = Release|Any CPU
		{263AD2C1-64CA-4281-8B49-7640E915EB2E}.Debug|Any CPU.ActiveCfg = Debug|Any CPU
		{263AD2C1-64CA-4281-8B49-7640E915EB2E}.Debug|Any CPU.Build.0 = Debug|Any CPU
		{263AD2C1-64CA-4281-8B49-7640E915EB2E}.Release|Any CPU.ActiveCfg = Release|Any CPU
		{263AD2C1-64CA-4281-8B49-7640E915EB2E}.Release|Any CPU.Build.0 = Release|Any CPU
	EndGlobalSection
	GlobalSection(SolutionProperties) = preSolution
		HideSolutionNode = FALSE
	EndGlobalSection
	GlobalSection(ExtensibilityGlobals) = postSolution
		SolutionGuid = {9DE731EC-AF36-4DB6-BDD0-FC83CC3D2064}
	EndGlobalSection
EndGlobal
